
Microsoft Visual Studio Solution File, Format Version 12.00
Project("{2150E333-8FDC-42A3-9474-1A3956D46DE8}") = "Fleet.API", "Fleet.API", "{423EA559-0C4D-4778-A2C5-28D5E10640A7}"
EndProject
Project("{2150E333-8FDC-42A3-9474-1A3956D46DE8}") = "Order.API", "Order.API", "{679F46D2-56C3-40D5-8117-434164F009C7}"
EndProject
Project("{FAE04EC0-301F-11D3-BF4B-00C04F79EFBC}") = "Fleet.API.Presentation", "Fleet.API.Presentation\Fleet.API.Presentation.csproj", "{E689CFD7-3AB8-4D4B-BA72-70B6F9425CA5}"
EndProject
Project("{FAE04EC0-301F-11D3-BF4B-00C04F79EFBC}") = "Fleet.API.Infrastructure", "Fleet.API.Infrastructure\Fleet.API.Infrastructure.csproj", "{9A80CC92-A7C2-4658-9B19-9977CC56542D}"
EndProject
Project("{FAE04EC0-301F-11D3-BF4B-00C04F79EFBC}") = "Fleet.API.Application", "Fleet.API.Application\Fleet.API.Application.csproj", "{5D4163AE-731C-425E-95B2-6A28CC8B329F}"
EndProject
Project("{FAE04EC0-301F-11D3-BF4B-00C04F79EFBC}") = "Fleet.API.Domain", "Fleet.API.Domain\Fleet.API.Domain.csproj", "{E7025DFA-28AC-462D-A200-10E3BA61AB83}"
EndProject
Project("{FAE04EC0-301F-11D3-BF4B-00C04F79EFBC}") = "Order.API.Presentation", "Order.API.Presentation\Order.API.Presentation.csproj", "{EB609B1E-F3DD-4114-888C-A366A7466DAA}"
EndProject
Project("{FAE04EC0-301F-11D3-BF4B-00C04F79EFBC}") = "Order.API.Infrastructure", "Order.API.Infrastructure\Order.API.Infrastructure.csproj", "{BD73F76D-70AB-407B-9D0C-DA109672E707}"
EndProject
Project("{FAE04EC0-301F-11D3-BF4B-00C04F79EFBC}") = "Order.API.Domain", "Order.API.Domain\Order.API.Domain.csproj", "{ADD29CC6-CAF8-4FCB-885E-9B97A6A85604}"
EndProject
Project("{FAE04EC0-301F-11D3-BF4B-00C04F79EFBC}") = "Order.API.Application", "Order.API.Application\Order.API.Application.csproj", "{65B1E761-CA82-4924-B72E-5B6B5F39BCCA}"
EndProject
Global
	GlobalSection(SolutionConfigurationPlatforms) = preSolution
		Debug|Any CPU = Debug|Any CPU
		Release|Any CPU = Release|Any CPU
	EndGlobalSection
	GlobalSection(ProjectConfigurationPlatforms) = postSolution
		{E689CFD7-3AB8-4D4B-BA72-70B6F9425CA5}.Debug|Any CPU.ActiveCfg = Debug|Any CPU
		{E689CFD7-3AB8-4D4B-BA72-70B6F9425CA5}.Debug|Any CPU.Build.0 = Debug|Any CPU
		{E689CFD7-3AB8-4D4B-BA72-70B6F9425CA5}.Release|Any CPU.ActiveCfg = Release|Any CPU
		{E689CFD7-3AB8-4D4B-BA72-70B6F9425CA5}.Release|Any CPU.Build.0 = Release|Any CPU
		{9A80CC92-A7C2-4658-9B19-9977CC56542D}.Debug|Any CPU.ActiveCfg = Debug|Any CPU
		{9A80CC92-A7C2-4658-9B19-9977CC56542D}.Debug|Any CPU.Build.0 = Debug|Any CPU
		{9A80CC92-A7C2-4658-9B19-9977CC56542D}.Release|Any CPU.ActiveCfg = Release|Any CPU
		{9A80CC92-A7C2-4658-9B19-9977CC56542D}.Release|Any CPU.Build.0 = Release|Any CPU
		{5D4163AE-731C-425E-95B2-6A28CC8B329F}.Debug|Any CPU.ActiveCfg = Debug|Any CPU
		{5D4163AE-731C-425E-95B2-6A28CC8B329F}.Debug|Any CPU.Build.0 = Debug|Any CPU
		{5D4163AE-731C-425E-95B2-6A28CC8B329F}.Release|Any CPU.ActiveCfg = Release|Any CPU
		{5D4163AE-731C-425E-95B2-6A28CC8B329F}.Release|Any CPU.Build.0 = Release|Any CPU
		{E7025DFA-28AC-462D-A200-10E3BA61AB83}.Debug|Any CPU.ActiveCfg = Debug|Any CPU
		{E7025DFA-28AC-462D-A200-10E3BA61AB83}.Debug|Any CPU.Build.0 = Debug|Any CPU
		{E7025DFA-28AC-462D-A200-10E3BA61AB83}.Release|Any CPU.ActiveCfg = Release|Any CPU
		{E7025DFA-28AC-462D-A200-10E3BA61AB83}.Release|Any CPU.Build.0 = Release|Any CPU
		{EB609B1E-F3DD-4114-888C-A366A7466DAA}.Debug|Any CPU.ActiveCfg = Debug|Any CPU
		{EB609B1E-F3DD-4114-888C-A366A7466DAA}.Debug|Any CPU.Build.0 = Debug|Any CPU
		{EB609B1E-F3DD-4114-888C-A366A7466DAA}.Release|Any CPU.ActiveCfg = Release|Any CPU
		{EB609B1E-F3DD-4114-888C-A366A7466DAA}.Release|Any CPU.Build.0 = Release|Any CPU
		{BD73F76D-70AB-407B-9D0C-DA109672E707}.Debug|Any CPU.ActiveCfg = Debug|Any CPU
		{BD73F76D-70AB-407B-9D0C-DA109672E707}.Debug|Any CPU.Build.0 = Debug|Any CPU
		{BD73F76D-70AB-407B-9D0C-DA109672E707}.Release|Any CPU.ActiveCfg = Release|Any CPU
		{BD73F76D-70AB-407B-9D0C-DA109672E707}.Release|Any CPU.Build.0 = Release|Any CPU
		{ADD29CC6-CAF8-4FCB-885E-9B97A6A85604}.Debug|Any CPU.ActiveCfg = Debug|Any CPU
		{ADD29CC6-CAF8-4FCB-885E-9B97A6A85604}.Debug|Any CPU.Build.0 = Debug|Any CPU
		{ADD29CC6-CAF8-4FCB-885E-9B97A6A85604}.Release|Any CPU.ActiveCfg = Release|Any CPU
		{ADD29CC6-CAF8-4FCB-885E-9B97A6A85604}.Release|Any CPU.Build.0 = Release|Any CPU
		{65B1E761-CA82-4924-B72E-5B6B5F39BCCA}.Debug|Any CPU.ActiveCfg = Debug|Any CPU
		{65B1E761-CA82-4924-B72E-5B6B5F39BCCA}.Debug|Any CPU.Build.0 = Debug|Any CPU
		{65B1E761-CA82-4924-B72E-5B6B5F39BCCA}.Release|Any CPU.ActiveCfg = Release|Any CPU
		{65B1E761-CA82-4924-B72E-5B6B5F39BCCA}.Release|Any CPU.Build.0 = Release|Any CPU
	EndGlobalSection
	GlobalSection(NestedProjects) = preSolution
		{E689CFD7-3AB8-4D4B-BA72-70B6F9425CA5} = {423EA559-0C4D-4778-A2C5-28D5E10640A7}
		{9A80CC92-A7C2-4658-9B19-9977CC56542D} = {423EA559-0C4D-4778-A2C5-28D5E10640A7}
		{5D4163AE-731C-425E-95B2-6A28CC8B329F} = {423EA559-0C4D-4778-A2C5-28D5E10640A7}
		{E7025DFA-28AC-462D-A200-10E3BA61AB83} = {423EA559-0C4D-4778-A2C5-28D5E10640A7}
		{EB609B1E-F3DD-4114-888C-A366A7466DAA} = {679F46D2-56C3-40D5-8117-434164F009C7}
		{BD73F76D-70AB-407B-9D0C-DA109672E707} = {679F46D2-56C3-40D5-8117-434164F009C7}
		{ADD29CC6-CAF8-4FCB-885E-9B97A6A85604} = {679F46D2-56C3-40D5-8117-434164F009C7}
		{65B1E761-CA82-4924-B72E-5B6B5F39BCCA} = {679F46D2-56C3-40D5-8117-434164F009C7}
	EndGlobalSection
EndGlobal
